{
  "name": "aa8e5c70f9d8d161",
  "lockfileVersion": 3,
  "requires": true,
  "packages": {
    "": {
      "dependencies": {
        "supabase": "^2.100.0"
      }
    },
    "node_modules/@supabase/cli-darwin-arm64": {
      "version": "2.100.0",
      "resolved": "https://registry.npmjs.org/@supabase/cli-darwin-arm64/-/cli-darwin-arm64-2.100.0.tgz",
      "integrity": "sha512-tG+u4eid3BuLGe+wBI2g6+8N9e2VlRoMG2vyk98LOFHIyO4HyqRghJk3Ao6nmOb1WTkc8TaoX7i9Q2w97CRD9g==",
      "cpu": [
        "arm64"
      ],
      "license": "MIT",
      "optional": true,
      "os": [
        "darwin"
      ]
    },
    "node_modules/@supabase/cli-darwin-x64": {
      "version": "2.100.0",
      "resolved": "https://registry.npmjs.org/@supabase/cli-darwin-x64/-/cli-darwin-x64-2.100.0.tgz",
      "integrity": "sha512-TjtH1nbPGevEgL1GrprMtKXX2gzbQCKQwDOygdBdcrXaQDQQuzUisR+mfT4P6UsVCFa9IjO+8FNIMEJZHa7gDA==",
      "cpu": [
        "x64"
      ],
      "license": "MIT",
      "optional": true,
      "os": [
        "darwin"
      ]
    },
    "node_modules/@supabase/cli-linux-arm64": {
      "version": "2.100.0",
      "resolved": "https://registry.npmjs.org/@supabase/cli-linux-arm64/-/cli-linux-arm64-2.100.0.tgz",
      "integrity": "sha512-Z6GX45hqJ0N6rHdJw5FCC9+qm7EB8dyUvtheLVC3cEJOYoatcg0XLPktMnrCVrfhttfwVDKnM6HcM2sF2ZHPaw==",
      "cpu": [
        "arm64"
      ],
      "license": "MIT",
      "optional": true,
      "os": [
        "linux"
      ]
    },
    "node_modules/@supabase/cli-linux-arm64-musl": {
      "version": "2.100.0",
      "resolved": "https://registry.npmjs.org/@supabase/cli-linux-arm64-musl/-/cli-linux-arm64-musl-2.100.0.tgz",
      "integrity": "sha512-VusRmDV9c2Gbqxg4eFjOaTs6P4PfvJ5x0aLKTWIY+fZv5SCcMdBM3ggsFCdDrsE8/FrfNoRpv5iElIbyXLYSuQ==",
      "cpu": [
        "arm64"
      ],
      "license": "MIT",
      "optional": true,
      "os": [
        "linux"
      ]
    },
    "node_modules/@supabase/cli-linux-x64": {
      "version": "2.100.0",
      "resolved": "https://registry.npmjs.org/@supabase/cli-linux-x64/-/cli-linux-x64-2.100.0.tgz",
      "integrity": "sha512-59dgq6h1vHQ41Yvh0Qut5zEqwVjrOiO5nQ0ImFnPTDuRpLCIZFPebl9B7QjGvutDiGLEtJxjR+zQ/NmQZilLrQ==",
      "cpu": [
        "x64"
      ],
      "license": "MIT",
      "optional": true,
      "os": [
        "linux"
      ]
    },
    "node_modules/@supabase/cli-linux-x64-musl": {
      "version": "2.100.0",
      "resolved": "https://registry.npmjs.org/@supabase/cli-linux-x64-musl/-/cli-linux-x64-musl-2.100.0.tgz",
      "integrity": "sha512-bAOJ6sFMsQ73zLyRhbtKpudY+45zclT0zjvxmrxhRm+4Zv/hhL5AvONxyOsdNPYulqgItSGLtJMkLHxqZQlBjA==",
      "cpu": [
        "x64"
      ],
      "license": "MIT",
      "optional": true,
      "os": [
        "linux"
      ]
    },
    "node_modules/@supabase/cli-windows-arm64": {
      "version": "2.100.0",
      "resolved": "https://registry.npmjs.org/@supabase/cli-windows-arm64/-/cli-windows-arm64-2.100.0.tgz",
      "integrity": "sha512-6M9gjtgepOLBNS2TUwRFS58s5o8d43zbcbap62VypKPa9nRFnlUBR0UI34LRBXeB+LIvN97Cnibf25Niw+8arw==",
      "cpu": [
        "arm64"
      ],
      "license": "MIT",
      "optional": true,
      "os": [
        "win32"
      ]
    },
    "node_modules/@supabase/cli-windows-x64": {
      "version": "2.100.0",
      "resolved": "https://registry.npmjs.org/@supabase/cli-windows-x64/-/cli-windows-x64-2.100.0.tgz",
      "integrity": "sha512-4E82JA/vqRqCK9TZW0aA8AtaN796KuzS0PEDFFx7VZ9UEDODW2tVSw37sf9yR+tc/mM+EpB3440YdfMlPjTLRw==",
      "cpu": [
        "x64"
      ],
      "license": "MIT",
      "optional": true,
      "os": [
        "win32"
      ]
    },
    "node_modules/supabase": {
      "version": "2.100.0",
      "resolved": "https://registry.npmjs.org/supabase/-/supabase-2.100.0.tgz",
      "integrity": "sha512-rWk/wVt9ZLLlM2n5MMGEy5m6zARPeLTxnBdHyibrVjEXvaJFfpFw90KNXrgqefuPSO8Jua5umjwmK3UG4gSWlA==",
      "license": "MIT",
      "bin": {
        "supabase": "dist/supabase.js"
      },
      "optionalDependencies": {
        "@supabase/cli-darwin-arm64": "2.100.0",
        "@supabase/cli-darwin-x64": "2.100.0",
        "@supabase/cli-linux-arm64": "2.100.0",
        "@supabase/cli-linux-arm64-musl": "2.100.0",
        "@supabase/cli-linux-x64": "2.100.0",
        "@supabase/cli-linux-x64-musl": "2.100.0",
        "@supabase/cli-windows-arm64": "2.100.0",
        "@supabase/cli-windows-x64": "2.100.0"
      }
    }
  }
}
